
Microsoft Visual Studio Solution File, Format Version 12.00
# Visual Studio 15
VisualStudioVersion = 15.0.27703.2026
MinimumVisualStudioVersion = 10.0.40219.1
Project("{FAE04EC0-301F-11D3-BF4B-00C04F79EFBC}") = "Dziennik", "Dziennik\Dziennik.csproj", "{7008D7FD-379E-436E-81A9-94772C41ADFA}"
EndProject
Global
	GlobalSection(SolutionConfigurationPlatforms) = preSolution
		Debug|Any CPU = Debug|Any CPU
		Release|Any CPU = Release|Any CPU
	EndGlobalSection
	GlobalSection(ProjectConfigurationPlatforms) = postSolution
		{7008D7FD-379E-436E-81A9-94772C41ADFA}.Debug|Any CPU.ActiveCfg = Debug|Any CPU
		{7008D7FD-379E-436E-81A9-94772C41ADFA}.Debug|Any CPU.Build.0 = Debug|Any CPU
		{7008D7FD-379E-436E-81A9-94772C41ADFA}.Release|Any CPU.ActiveCfg = Release|Any CPU
		{7008D7FD-379E-436E-81A9-94772C41ADFA}.Release|Any CPU.Build.0 = Release|Any CPU
	EndGlobalSection
	GlobalSection(SolutionProperties) = preSolution
		HideSolutionNode = FALSE
	EndGlobalSection
	GlobalSection(ExtensibilityGlobals) = postSolution
		SolutionGuid = {D3E04E5B-A3F8-4CE2-A051-E9410E2325BC}
	EndGlobalSection
EndGlobal
